[[package]]
name = "asgiref"
version = "3.5.2"
description = "ASGI specs, helper code, and adapters"
category = "main"
optional = false
python-versions = ">=3.7"

[package.extras]
tests = ["mypy (>=0.800)", "pytest", "pytest-asyncio"]

[[package]]
name = "attrs"
version = "22.1.0"
description = "Classes Without Boilerplate"
category = "dev"
optional = false
python-versions = ">=3.5"

[package.extras]
dev = ["cloudpickle", "coverage[toml] (>=5.0.2)", "furo", "hypothesis", "mypy (>=0.900,!=0.940)", "pre-commit", "pympler", "pytest (>=4.3.0)", "pytest-mypy-plugins", "sphinx", "sphinx-notfound-page", "zope.interface"]
docs = ["furo", "sphinx", "sphinx-notfound-page", "zope.interface"]
tests = ["cloudpickle", "coverage[toml] (>=5.0.2)", "hypothesis", "mypy (>=0.900,!=0.940)", "pympler", "pytest (>=4.3.0)", "pytest-mypy-plugins", "zope.interface"]
tests-no-zope = ["cloudpickle", "coverage[toml] (>=5.0.2)", "hypothesis", "mypy (>=0.900,!=0.940)", "pympler", "pytest (>=4.3.0)", "pytest-mypy-plugins"]

[[package]]
name = "django"
version = "3.2.16"
description = "A high-level Python Web framework that encourages rapid development and clean, pragmatic design."
category = "main"
optional = false
python-versions = ">=3.6"

[package.dependencies]
asgiref = ">=3.3.2,<4"
pytz = "*"
sqlparse = ">=0.2.2"

[package.extras]
argon2 = ["argon2-cffi (>=19.1.0)"]
bcrypt = ["bcrypt"]

[[package]]
name = "dlint"
version = "0.13.0"
description = "Dlint is a tool for encouraging best coding practices and helping ensure Python code is secure."
category = "dev"
optional = false
python-versions = "*"

[package.dependencies]
flake8 = ">=3.6.0,<6.0.0"

[[package]]
name = "eradicate"
version = "2.1.0"
description = "Removes commented-out code."
category = "dev"
optional = false
python-versions = "*"

[[package]]
name = "flake8"
version = "5.0.4"
description = "the modular source code checker: pep8 pyflakes and co"
category = "dev"
optional = false
python-versions = ">=3.6.1"

[package.dependencies]
mccabe = ">=0.7.0,<0.8.0"
pycodestyle = ">=2.9.0,<2.10.0"
pyflakes = ">=2.5.0,<2.6.0"

[[package]]
name = "flake8-bugbear"
version = "22.12.6"
description = "A plugin for flake8 finding likely bugs and design problems in your program. Contains warnings that don't belong in pyflakes and pycodestyle."
category = "dev"
optional = false
python-versions = ">=3.7"

[package.dependencies]
attrs = ">=19.2.0"
flake8 = ">=3.0.0"

[package.extras]
dev = ["coverage", "hypothesis", "hypothesmith (>=0.2)", "pre-commit", "tox"]

[[package]]
name = "flake8-commas"
version = "2.1.0"
description = "Flake8 lint for trailing commas."
category = "dev"
optional = false
python-versions = "*"

[package.dependencies]
flake8 = ">=2"

[[package]]
name = "flake8-comprehensions"
version = "3.10.1"
description = "A flake8 plugin to help you write better list/set/dict comprehensions."
category = "dev"
optional = false
python-versions = ">=3.7"

[package.dependencies]
flake8 = ">=3.0,<3.2.0 || >3.2.0"

[[package]]
name = "flake8-eradicate"
version = "1.4.0"
description = "Flake8 plugin to find commented out code"
category = "dev"
optional = false
python-versions = ">=3.7,<4.0"

[package.dependencies]
attrs = "*"
eradicate = ">=2.0,<3.0"
flake8 = ">=3.5,<6"

[[package]]
name = "flake8-print"
version = "5.0.0"
description = "print statement checker plugin for flake8"
category = "dev"
optional = false
python-versions = ">=3.7"

[package.dependencies]
flake8 = ">=3.0"
pycodestyle = "*"

[[package]]
name = "flake8-quotes"
version = "3.3.1"
description = "Flake8 lint for quotes."
category = "dev"
optional = false
python-versions = "*"

[package.dependencies]
flake8 = "*"

[[package]]
name = "flake8-tidy-imports"
version = "4.8.0"
description = "A flake8 plugin that helps you write tidier imports."
category = "dev"
optional = false
python-versions = ">=3.7"

[package.dependencies]
flake8 = ">=3.8.0"

[[package]]
name = "gunicorn"
version = "20.1.0"
description = "WSGI HTTP Server for UNIX"
category = "main"
optional = false
python-versions = ">=3.5"

[package.dependencies]
setuptools = ">=3.0"

[package.extras]
eventlet = ["eventlet (>=0.24.1)"]
gevent = ["gevent (>=1.4.0)"]
setproctitle = ["setproctitle"]
tornado = ["tornado (>=0.2)"]

[[package]]
name = "isort"
version = "5.10.1"
description = "A Python utility / library to sort Python imports."
category = "dev"
optional = false
python-versions = ">=3.6.1,<4.0"

[package.extras]
colors = ["colorama (>=0.4.3,<0.5.0)"]
pipfile-deprecated-finder = ["pipreqs", "requirementslib"]
plugins = ["setuptools"]
requirements-deprecated-finder = ["pip-api", "pipreqs"]

[[package]]
name = "mccabe"
version = "0.7.0"
description = "McCabe checker, plugin for flake8"
category = "dev"
optional = false
python-versions = ">=3.6"

[[package]]
name = "pep8-naming"
version = "0.13.2"
description = "Check PEP-8 naming conventions, plugin for flake8"
category = "dev"
optional = false
python-versions = ">=3.7"

[package.dependencies]
flake8 = ">=3.9.1"

[[package]]
name = "psycopg2"
version = "2.9.5"
description = "psycopg2 - Python-PostgreSQL Database Adapter"
category = "main"
optional = false
python-versions = ">=3.6"

[[package]]
name = "psycopg2-binary"
version = "2.9.5"
description = "psycopg2 - Python-PostgreSQL Database Adapter"
category = "main"
optional = false
python-versions = ">=3.6"

[[package]]
name = "pycodestyle"
version = "2.9.1"
description = "Python style guide checker"
category = "dev"
optional = false
python-versions = ">=3.6"

[[package]]
name = "pyflakes"
version = "2.5.0"
description = "passive checker of Python programs"
category = "dev"
optional = false
python-versions = ">=3.6"

[[package]]
name = "python-dotenv"
version = "0.21.0"
description = "Read key-value pairs from a .env file and set them as environment variables"
category = "dev"
optional = false
python-versions = ">=3.7"

[package.extras]
cli = ["click (>=5.0)"]

[[package]]
name = "pytz"
version = "2022.6"
description = "World timezone definitions, modern and historical"
category = "main"
optional = false
python-versions = "*"

[[package]]
name = "setuptools"
version = "65.6.3"
description = "Easily download, build, install, upgrade, and uninstall Python packages"
category = "main"
optional = false
python-versions = ">=3.7"

[package.extras]
docs = ["furo", "jaraco.packaging (>=9)", "jaraco.tidelift (>=1.4)", "pygments-github-lexers (==0.0.5)", "rst.linker (>=1.9)", "sphinx (>=3.5)", "sphinx-favicon", "sphinx-hoverxref (<2)", "sphinx-inline-tabs", "sphinx-notfound-page (==0.8.3)", "sphinx-reredirects", "sphinxcontrib-towncrier"]
testing = ["build[virtualenv]", "filelock (>=3.4.0)", "flake8 (<5)", "flake8-2020", "ini2toml[lite] (>=0.9)", "jaraco.envs (>=2.2)", "jaraco.path (>=3.2.0)", "pip (>=19.1)", "pip-run (>=8.8)", "pytest (>=6)", "pytest-black (>=0.3.7)", "pytest-checkdocs (>=2.4)", "pytest-cov", "pytest-enabler (>=1.3)", "pytest-flake8", "pytest-mypy (>=0.9.1)", "pytest-perf", "pytest-timeout", "pytest-xdist", "tomli-w (>=1.0.0)", "virtualenv (>=13.0.0)", "wheel"]
testing-integration = ["build[virtualenv]", "filelock (>=3.4.0)", "jaraco.envs (>=2.2)", "jaraco.path (>=3.2.0)", "pytest", "pytest-enabler", "pytest-xdist", "tomli", "virtualenv (>=13.0.0)", "wheel"]

[[package]]
name = "sqlparse"
version = "0.4.3"
description = "A non-validating SQL parser."
category = "main"
optional = false
python-versions = ">=3.5"

[metadata]
lock-version = "1.1"
python-versions = "^3.10"
content-hash = "c6c971fd7e8643bc5757c70711fd6ea9f4f1c889c620b2e175dbf24aa59181cd"

[metadata.files]
asgiref = [
    {file = "asgiref-3.5.2-py3-none-any.whl", hash = "sha256:1d2880b792ae8757289136f1db2b7b99100ce959b2aa57fd69dab783d05afac4"},
    {file = "asgiref-3.5.2.tar.gz", hash = "sha256:4a29362a6acebe09bf1d6640db38c1dc3d9217c68e6f9f6204d72667fc19a424"},
]
attrs = [
    {file = "attrs-22.1.0-py2.py3-none-any.whl", hash = "sha256:86efa402f67bf2df34f51a335487cf46b1ec130d02b8d39fd248abfd30da551c"},
    {file = "attrs-22.1.0.tar.gz", hash = "sha256:29adc2665447e5191d0e7c568fde78b21f9672d344281d0c6e1ab085429b22b6"},
]
django = [
    {file = "Django-3.2.16-py3-none-any.whl", hash = "sha256:18ba8efa36b69cfcd4b670d0fa187c6fe7506596f0ababe580e16909bcdec121"},
    {file = "Django-3.2.16.tar.gz", hash = "sha256:3adc285124244724a394fa9b9839cc8cd116faf7d159554c43ecdaa8cdf0b94d"},
]
dlint = [
    {file = "dlint-0.13.0-py3-none-any.whl", hash = "sha256:72094f35711a338eed4b8f95cbbaade5ec1d784bec516933bdbc2863676c4298"},
]
eradicate = [
    {file = "eradicate-2.1.0-py3-none-any.whl", hash = "sha256:8bfaca181db9227dc88bdbce4d051a9627604c2243e7d85324f6d6ce0fd08bb2"},
    {file = "eradicate-2.1.0.tar.gz", hash = "sha256:aac7384ab25b1bf21c4c012de9b4bf8398945a14c98c911545b2ea50ab558014"},
]
flake8 = [
    {file = "flake8-5.0.4-py2.py3-none-any.whl", hash = "sha256:7a1cf6b73744f5806ab95e526f6f0d8c01c66d7bbe349562d22dfca20610b248"},
    {file = "flake8-5.0.4.tar.gz", hash = "sha256:6fbe320aad8d6b95cec8b8e47bc933004678dc63095be98528b7bdd2a9f510db"},
]
flake8-bugbear = [
    {file = "flake8-bugbear-22.12.6.tar.gz", hash = "sha256:4cdb2c06e229971104443ae293e75e64c6107798229202fbe4f4091427a30ac0"},
    {file = "flake8_bugbear-22.12.6-py3-none-any.whl", hash = "sha256:b69a510634f8a9c298dfda2b18a8036455e6b19ecac4fe582e4d7a0abfa50a30"},
]
flake8-commas = [
    {file = "flake8-commas-2.1.0.tar.gz", hash = "sha256:940441ab8ee544df564ae3b3f49f20462d75d5c7cac2463e0b27436e2050f263"},
    {file = "flake8_commas-2.1.0-py2.py3-none-any.whl", hash = "sha256:ebb96c31e01d0ef1d0685a21f3f0e2f8153a0381430e748bf0bbbb5d5b453d54"},
]
flake8-comprehensions = [
    {file = "flake8-comprehensions-3.10.1.tar.gz", hash = "sha256:412052ac4a947f36b891143430fef4859705af11b2572fbb689f90d372cf26ab"},
    {file = "flake8_comprehensions-3.10.1-py3-none-any.whl", hash = "sha256:d763de3c74bc18a79c039a7ec732e0a1985b0c79309ceb51e56401ad0a2cd44e"},
]
flake8-eradicate = [
    {file = "flake8-eradicate-1.4.0.tar.gz", hash = "sha256:3088cfd6717d1c9c6c3ac45ef2e5f5b6c7267f7504d5a74b781500e95cb9c7e1"},
    {file = "flake8_eradicate-1.4.0-py3-none-any.whl", hash = "sha256:e3bbd0871be358e908053c1ab728903c114f062ba596b4d40c852fd18f473d56"},
]
flake8-print = [
    {file = "flake8-print-5.0.0.tar.gz", hash = "sha256:76915a2a389cc1c0879636c219eb909c38501d3a43cc8dae542081c9ba48bdf9"},
    {file = "flake8_print-5.0.0-py3-none-any.whl", hash = "sha256:84a1a6ea10d7056b804221ac5e62b1cee1aefc897ce16f2e5c42d3046068f5d8"},
]
flake8-quotes = [
    {file = "flake8-quotes-3.3.1.tar.gz", hash = "sha256:633adca6fb8a08131536af0d750b44d6985b9aba46f498871e21588c3e6f525a"},
]
flake8-tidy-imports = [
    {file = "flake8-tidy-imports-4.8.0.tar.gz", hash = "sha256:df44f9c841b5dfb3a7a1f0da8546b319d772c2a816a1afefcce43e167a593d83"},
    {file = "flake8_tidy_imports-4.8.0-py3-none-any.whl", hash = "sha256:25bd9799358edefa0e010ce2c587b093c3aba942e96aeaa99b6d0500ae1bf09c"},
]
gunicorn = [
    {file = "gunicorn-20.1.0-py3-none-any.whl", hash = "sha256:9dcc4547dbb1cb284accfb15ab5667a0e5d1881cc443e0677b4882a4067a807e"},
    {file = "gunicorn-20.1.0.tar.gz", hash = "sha256:e0a968b5ba15f8a328fdfd7ab1fcb5af4470c28aaf7e55df02a99bc13138e6e8"},
]
isort = [
    {file = "isort-5.10.1-py3-none-any.whl", hash = "sha256:6f62d78e2f89b4500b080fe3a81690850cd254227f27f75c3a0c491a1f351ba7"},
    {file = "isort-5.10.1.tar.gz", hash = "sha256:e8443a5e7a020e9d7f97f1d7d9cd17c88bcb3bc7e218bf9cf5095fe550be2951"},
]
mccabe = [
    {file = "mccabe-0.7.0-py2.py3-none-any.whl", hash = "sha256:6c2d30ab6be0e4a46919781807b4f0d834ebdd6c6e3dca0bda5a15f863427b6e"},
    {file = "mccabe-0.7.0.tar.gz", hash = "sha256:348e0240c33b60bbdf4e523192ef919f28cb2c3d7d5c7794f74009290f236325"},
]
pep8-naming = [
    {file = "pep8-naming-0.13.2.tar.gz", hash = "sha256:93eef62f525fd12a6f8c98f4dcc17fa70baae2f37fa1f73bec00e3e44392fa48"},
    {file = "pep8_naming-0.13.2-py3-none-any.whl", hash = "sha256:59e29e55c478db69cffbe14ab24b5bd2cd615c0413edf790d47d3fb7ba9a4e23"},
]
psycopg2 = [
    {file = "psycopg2-2.9.5-cp310-cp310-win32.whl", hash = "sha256:d3ef67e630b0de0779c42912fe2cbae3805ebaba30cda27fea2a3de650a9414f"},
    {file = "psycopg2-2.9.5-cp310-cp310-win_amd64.whl", hash = "sha256:4cb9936316d88bfab614666eb9e32995e794ed0f8f6b3b718666c22819c1d7ee"},
    {file = "psycopg2-2.9.5-cp311-cp311-win32.whl", hash = "sha256:093e3894d2d3c592ab0945d9eba9d139c139664dcf83a1c440b8a7aa9bb21955"},
    {file = "psycopg2-2.9.5-cp311-cp311-win_amd64.whl", hash = "sha256:920bf418000dd17669d2904472efeab2b20546efd0548139618f8fa305d1d7ad"},
    {file = "psycopg2-2.9.5-cp36-cp36m-win32.whl", hash = "sha256:b9ac1b0d8ecc49e05e4e182694f418d27f3aedcfca854ebd6c05bb1cffa10d6d"},
    {file = "psycopg2-2.9.5-cp36-cp36m-win_amd64.whl", hash = "sha256:fc04dd5189b90d825509caa510f20d1d504761e78b8dfb95a0ede180f71d50e5"},
    {file = "psycopg2-2.9.5-cp37-cp37m-win32.whl", hash = "sha256:922cc5f0b98a5f2b1ff481f5551b95cd04580fd6f0c72d9b22e6c0145a4840e0"},
    {file = "psycopg2-2.9.5-cp37-cp37m-win_amd64.whl", hash = "sha256:1e5a38aa85bd660c53947bd28aeaafb6a97d70423606f1ccb044a03a1203fe4a"},
    {file = "psycopg2-2.9.5-cp38-cp38-win32.whl", hash = "sha256:f5b6320dbc3cf6cfb9f25308286f9f7ab464e65cfb105b64cc9c52831748ced2"},
    {file = "psycopg2-2.9.5-cp38-cp38-win_amd64.whl", hash = "sha256:1a5c7d7d577e0eabfcf15eb87d1e19314c8c4f0e722a301f98e0e3a65e238b4e"},
    {file = "psycopg2-2.9.5-cp39-cp39-win32.whl", hash = "sha256:322fd5fca0b1113677089d4ebd5222c964b1760e361f151cbb2706c4912112c5"},
    {file = "psycopg2-2.9.5-cp39-cp39-win_amd64.whl", hash = "sha256:190d51e8c1b25a47484e52a79638a8182451d6f6dff99f26ad9bd81e5359a0fa"},
    {file = "psycopg2-2.9.5.tar.gz", hash = "sha256:a5246d2e683a972e2187a8714b5c2cf8156c064629f9a9b1a873c1730d9e245a"},
]
psycopg2-binary = [
    {file = "psycopg2-binary-2.9.5.tar.gz", hash = "sha256:33e632d0885b95a8b97165899006c40e9ecdc634a529dca7b991eb7de4ece41c"},
    {file = "psycopg2_binary-2.9.5-cp310-cp310-macosx_10_15_x86_64.macosx_10_9_intel.macosx_10_9_x86_64.macosx_10_10_intel.macosx_10_10_x86_64.whl", hash = "sha256:0775d6252ccb22b15da3b5d7adbbf8cfe284916b14b6dc0ff503a23edb01ee85"},
    {file = "psycopg2_binary-2.9.5-cp310-cp310-macosx_11_0_arm64.whl", hash = "sha256:2ec46ed947801652c9643e0b1dc334cfb2781232e375ba97312c2fc256597632"},
    {file = "psycopg2_binary-2.9.5-cp310-cp310-manylinux_2_17_i686.manylinux2014_i686.whl", hash = "sha256:3520d7af1ebc838cc6084a3281145d5cd5bdd43fdef139e6db5af01b92596cb7"},
    {file = "psycopg2_binary-2.9.5-cp310-cp310-manylinux_2_17_x86_64.manylinux2014_x86_64.whl", hash = "sha256:5cbc554ba47ecca8cd3396ddaca85e1ecfe3e48dd57dc5e415e59551affe568e"},
    {file = "psycopg2_binary-2.9.5-cp310-cp310-manylinux_2_24_aarch64.whl", hash = "sha256:5d28ecdf191db558d0c07d0f16524ee9d67896edf2b7990eea800abeb23ebd61"},
    {file = "psycopg2_binary-2.9.5-cp310-cp310-manylinux_2_24_ppc64le.whl", hash = "sha256:b9c33d4aef08dfecbd1736ceab8b7b3c4358bf10a0121483e5cd60d3d308cc64"},
    {file = "psycopg2_binary-2.9.5-cp310-cp310-musllinux_1_1_aarch64.whl", hash = "sha256:05b3d479425e047c848b9782cd7aac9c6727ce23181eb9647baf64ffdfc3da41"},
    {file = "psycopg2_binary-2.9.5-cp310-cp310-musllinux_1_1_i686.whl", hash = "sha256:1e491e6489a6cb1d079df8eaa15957c277fdedb102b6a68cfbf40c4994412fd0"},
    {file = "psycopg2_binary-2.9.5-cp310-cp310-musllinux_1_1_ppc64le.whl", hash = "sha256:9e32cedc389bcb76d9f24ea8a012b3cb8385ee362ea437e1d012ffaed106c17d"},
    {file = "psycopg2_binary-2.9.5-cp310-cp310-musllinux_1_1_x86_64.whl", hash = "sha256:46850a640df62ae940e34a163f72e26aca1f88e2da79148e1862faaac985c302"},
    {file = "psycopg2_binary-2.9.5-cp310-cp310-win32.whl", hash = "sha256:3d790f84201c3698d1bfb404c917f36e40531577a6dda02e45ba29b64d539867"},
    {file = "psycopg2_binary-2.9.5-cp310-cp310-win_amd64.whl", hash = "sha256:1764546ffeaed4f9428707be61d68972eb5ede81239b46a45843e0071104d0dd"},
    {file = "psycopg2_binary-2.9.5-cp311-cp311-macosx_10_9_universal2.macosx_10_9_intel.macosx_10_9_x86_64.macosx_10_10_intel.macosx_10_10_x86_64.whl", hash = "sha256:426c2ae999135d64e6a18849a7d1ad0e1bd007277e4a8f4752eaa40a96b550ff"},
    {file = "psycopg2_binary-2.9.5-cp311-cp311-macosx_11_0_arm64.whl", hash = "sha256:7cf1d44e710ca3a9ce952bda2855830fe9f9017ed6259e01fcd71ea6287565f5"},
    {file = "psycopg2_binary-2.9.5-cp311-cp311-manylinux_2_17_i686.manylinux2014_i686.whl", hash = "sha256:024030b13bdcbd53d8a93891a2cf07719715724fc9fee40243f3bd78b4264b8f"},
    {file = "psycopg2_binary-2.9.5-cp311-cp311-manylinux_2_17_x86_64.manylinux2014_x86_64.whl", hash = "sha256:bcda1c84a1c533c528356da5490d464a139b6e84eb77cc0b432e38c5c6dd7882"},
    {file = "psycopg2_binary-2.9.5-cp311-cp311-manylinux_2_24_aarch64.whl", hash = "sha256:2ef892cabdccefe577088a79580301f09f2a713eb239f4f9f62b2b29cafb0577"},
    {file = "psycopg2_binary-2.9.5-cp311-cp311-manylinux_2_24_ppc64le.whl", hash = "sha256:af0516e1711995cb08dc19bbd05bec7dbdebf4185f68870595156718d237df3e"},
    {file = "psycopg2_binary-2.9.5-cp311-cp311-musllinux_1_1_aarch64.whl", hash = "sha256:e72c91bda9880f097c8aa3601a2c0de6c708763ba8128006151f496ca9065935"},
    {file = "psycopg2_binary-2.9.5-cp311-cp311-musllinux_1_1_i686.whl", hash = "sha256:e67b3c26e9b6d37b370c83aa790bbc121775c57bfb096c2e77eacca25fd0233b"},
    {file = "psycopg2_binary-2.9.5-cp311-cp311-musllinux_1_1_ppc64le.whl", hash = "sha256:5fc447058d083b8c6ac076fc26b446d44f0145308465d745fba93a28c14c9e32"},
    {file = "psycopg2_binary-2.9.5-cp311-cp311-musllinux_1_1_x86_64.whl", hash = "sha256:d892bfa1d023c3781a3cab8dd5af76b626c483484d782e8bd047c180db590e4c"},
    {file = "psycopg2_binary-2.9.5-cp311-cp311-win32.whl", hash = "sha256:2abccab84d057723d2ca8f99ff7b619285d40da6814d50366f61f0fc385c3903"},
    {file = "psycopg2_binary-2.9.5-cp311-cp311-win_amd64.whl", hash = "sha256:bef7e3f9dc6f0c13afdd671008534be5744e0e682fb851584c8c3a025ec09720"},
    {file = "psycopg2_binary-2.9.5-cp36-cp36m-macosx_10_14_x86_64.macosx_10_9_intel.macosx_10_9_x86_64.macosx_10_10_intel.macosx_10_10_x86_64.whl", hash = "sha256:6e63814ec71db9bdb42905c925639f319c80e7909fb76c3b84edc79dadef8d60"},
    {file = "psycopg2_binary-2.9.5-cp36-cp36m-manylinux_2_17_i686.manylinux2014_i686.whl", hash = "sha256:212757ffcecb3e1a5338d4e6761bf9c04f750e7d027117e74aa3cd8a75bb6fbd"},
    {file = "psycopg2_binary-2.9.5-cp36-cp36m-manylinux_2_17_x86_64.manylinux2014_x86_64.whl", hash = "sha256:6f8a9bcab7b6db2e3dbf65b214dfc795b4c6b3bb3af922901b6a67f7cb47d5f8"},
    {file = "psycopg2_binary-2.9.5-cp36-cp36m-manylinux_2_24_aarch64.whl", hash = "sha256:56b2957a145f816726b109ee3d4e6822c23f919a7d91af5a94593723ed667835"},
    {file = "psycopg2_binary-2.9.5-cp36-cp36m-manylinux_2_24_ppc64le.whl", hash = "sha256:f95b8aca2703d6a30249f83f4fe6a9abf2e627aa892a5caaab2267d56be7ab69"},
    {file = "psycopg2_binary-2.9.5-cp36-cp36m-musllinux_1_1_aarch64.whl", hash = "sha256:70831e03bd53702c941da1a1ad36c17d825a24fbb26857b40913d58df82ec18b"},
    {file = "psycopg2_binary-2.9.5-cp36-cp36m-musllinux_1_1_i686.whl", hash = "sha256:dbc332beaf8492b5731229a881807cd7b91b50dbbbaf7fe2faf46942eda64a24"},
    {file = "psycopg2_binary-2.9.5-cp36-cp36m-musllinux_1_1_ppc64le.whl", hash = "sha256:2d964eb24c8b021623df1c93c626671420c6efadbdb8655cb2bd5e0c6fa422ba"},
    {file = "psycopg2_binary-2.9.5-cp36-cp36m-musllinux_1_1_x86_64.whl", hash = "sha256:95076399ec3b27a8f7fa1cc9a83417b1c920d55cf7a97f718a94efbb96c7f503"},
    {file = "psycopg2_binary-2.9.5-cp36-cp36m-win32.whl", hash = "sha256:3fc33295cfccad697a97a76dec3f1e94ad848b7b163c3228c1636977966b51e2"},
    {file = "psycopg2_binary-2.9.5-cp36-cp36m-win_amd64.whl", hash = "sha256:02551647542f2bf89073d129c73c05a25c372fc0a49aa50e0de65c3c143d8bd0"},
    {file = "psycopg2_binary-2.9.5-cp37-cp37m-macosx_10_15_x86_64.macosx_10_9_intel.macosx_10_9_x86_64.macosx_10_10_intel.macosx_10_10_x86_64.whl", hash = "sha256:63e318dbe52709ed10d516a356f22a635e07a2e34c68145484ed96a19b0c4c68"},
    {file = "psycopg2_binary-2.9.5-cp37-cp37m-manylinux_2_17_i686.manylinux2014_i686.whl", hash = "sha256:a7e518a0911c50f60313cb9e74a169a65b5d293770db4770ebf004245f24b5c5"},
    {file = "psycopg2_binary-2.9.5-cp37-cp37m-manylinux_2_17_x86_64.manylinux2014_x86_64.whl", hash = "sha256:b9d38a4656e4e715d637abdf7296e98d6267df0cc0a8e9a016f8ba07e4aa3eeb"},
    {file = "psycopg2_binary-2.9.5-cp37-cp37m-manylinux_2_24_aarch64.whl", hash = "sha256:68d81a2fe184030aa0c5c11e518292e15d342a667184d91e30644c9d533e53e1"},
    {file = "psycopg2_binary-2.9.5-cp37-cp37m-manylinux_2_24_ppc64le.whl", hash = "sha256:7ee3095d02d6f38bd7d9a5358fcc9ea78fcdb7176921528dd709cc63f40184f5"},
    {file = "psycopg2_binary-2.9.5-cp37-cp37m-musllinux_1_1_aarch64.whl", hash = "sha256:46512486be6fbceef51d7660dec017394ba3e170299d1dc30928cbedebbf103a"},
    {file = "psycopg2_binary-2.9.5-cp37-cp37m-musllinux_1_1_i686.whl", hash = "sha256:b911dfb727e247340d36ae20c4b9259e4a64013ab9888ccb3cbba69b77fd9636"},
    {file = "psycopg2_binary-2.9.5-cp37-cp37m-musllinux_1_1_ppc64le.whl", hash = "sha256:422e3d43b47ac20141bc84b3d342eead8d8099a62881a501e97d15f6addabfe9"},
    {file = "psycopg2_binary-2.9.5-cp37-cp37m-musllinux_1_1_x86_64.whl", hash = "sha256:c5682a45df7d9642eff590abc73157c887a68f016df0a8ad722dcc0f888f56d7"},
    {file = "psycopg2_binary-2.9.5-cp37-cp37m-win32.whl", hash = "sha256:b8104f709590fff72af801e916817560dbe1698028cd0afe5a52d75ceb1fce5f"},
    {file = "psycopg2_binary-2.9.5-cp37-cp37m-win_amd64.whl", hash = "sha256:7b3751857da3e224f5629400736a7b11e940b5da5f95fa631d86219a1beaafec"},
    {file = "psycopg2_binary-2.9.5-cp38-cp38-macosx_10_15_x86_64.macosx_10_9_intel.macosx_10_9_x86_64.macosx_10_10_intel.macosx_10_10_x86_64.whl", hash = "sha256:043a9fd45a03858ff72364b4b75090679bd875ee44df9c0613dc862ca6b98460"},
    {file = "psycopg2_binary-2.9.5-cp38-cp38-macosx_11_0_arm64.whl", hash = "sha256:9ffdc51001136b699f9563b1c74cc1f8c07f66ef7219beb6417a4c8aaa896c28"},
    {file = "psycopg2_binary-2.9.5-cp38-cp38-manylinux_2_17_i686.manylinux2014_i686.whl", hash = "sha256:c15ba5982c177bc4b23a7940c7e4394197e2d6a424a2d282e7c236b66da6d896"},
    {file = "psycopg2_binary-2.9.5-cp38-cp38-manylinux_2_17_x86_64.manylinux2014_x86_64.whl", hash = "sha256:dc85b3777068ed30aff8242be2813038a929f2084f69e43ef869daddae50f6ee"},
    {file = "psycopg2_binary-2.9.5-cp38-cp38-manylinux_2_24_aarch64.whl", hash = "sha256:215d6bf7e66732a514f47614f828d8c0aaac9a648c46a831955cb103473c7147"},
    {file = "psycopg2_binary-2.9.5-cp38-cp38-manylinux_2_24_ppc64le.whl", hash = "sha256:7d07f552d1e412f4b4e64ce386d4c777a41da3b33f7098b6219012ba534fb2c2"},
    {file = "psycopg2_binary-2.9.5-cp38-cp38-musllinux_1_1_aarch64.whl", hash = "sha256:a0adef094c49f242122bb145c3c8af442070dc0e4312db17e49058c1702606d4"},
    {file = "psycopg2_binary-2.9.5-cp38-cp38-musllinux_1_1_i686.whl", hash = "sha256:00475004e5ed3e3bf5e056d66e5dcdf41a0dc62efcd57997acd9135c40a08a50"},
    {file = "psycopg2_binary-2.9.5-cp38-cp38-musllinux_1_1_ppc64le.whl", hash = "sha256:7d88db096fa19d94f433420eaaf9f3c45382da2dd014b93e4bf3215639047c16"},
    {file = "psycopg2_binary-2.9.5-cp38-cp38-musllinux_1_1_x86_64.whl", hash = "sha256:902844f9c4fb19b17dfa84d9e2ca053d4a4ba265723d62ea5c9c26b38e0aa1e6"},
    {file = "psycopg2_binary-2.9.5-cp38-cp38-win32.whl", hash = "sha256:4e7904d1920c0c89105c0517dc7e3f5c20fb4e56ba9cdef13048db76947f1d79"},
    {file = "psycopg2_binary-2.9.5-cp38-cp38-win_amd64.whl", hash = "sha256:a36a0e791805aa136e9cbd0ffa040d09adec8610453ee8a753f23481a0057af5"},
    {file = "psycopg2_binary-2.9.5-cp39-cp39-macosx_10_15_x86_64.macosx_10_9_intel.macosx_10_9_x86_64.macosx_10_10_intel.macosx_10_10_x86_64.whl", hash = "sha256:25382c7d174c679ce6927c16b6fbb68b10e56ee44b1acb40671e02d29f2fce7c"},
    {file = "psycopg2_binary-2.9.5-cp39-cp39-macosx_11_0_arm64.whl", hash = "sha256:9c38d3869238e9d3409239bc05bc27d6b7c99c2a460ea337d2814b35fb4fea1b"},
    {file = "psycopg2_binary-2.9.5-cp39-cp39-manylinux_2_17_i686.manylinux2014_i686.whl", hash = "sha256:5c6527c8efa5226a9e787507652dd5ba97b62d29b53c371a85cd13f957fe4d42"},
    {file = "psycopg2_binary-2.9.5-cp39-cp39-manylinux_2_17_x86_64.manylinux2014_x86_64.whl", hash = "sha256:e59137cdb970249ae60be2a49774c6dfb015bd0403f05af1fe61862e9626642d"},
    {file = "psycopg2_binary-2.9.5-cp39-cp39-manylinux_2_24_aarch64.whl", hash = "sha256:d4c7b3a31502184e856df1f7bbb2c3735a05a8ce0ade34c5277e1577738a5c91"},
    {file = "psycopg2_binary-2.9.5-cp39-cp39-manylinux_2_24_ppc64le.whl", hash = "sha256:b9a794cef1d9c1772b94a72eec6da144c18e18041d294a9ab47669bc77a80c1d"},
    {file = "psycopg2_binary-2.9.5-cp39-cp39-musllinux_1_1_aarch64.whl", hash = "sha256:c5254cbd4f4855e11cebf678c1a848a3042d455a22a4ce61349c36aafd4c2267"},
    {file = "psycopg2_binary-2.9.5-cp39-cp39-musllinux_1_1_i686.whl", hash = "sha256:c5e65c6ac0ae4bf5bef1667029f81010b6017795dcb817ba5c7b8a8d61fab76f"},
    {file = "psycopg2_binary-2.9.5-cp39-cp39-musllinux_1_1_ppc64le.whl", hash = "sha256:74eddec4537ab1f701a1647214734bc52cee2794df748f6ae5908e00771f180a"},
    {file = "psycopg2_binary-2.9.5-cp39-cp39-musllinux_1_1_x86_64.whl", hash = "sha256:01ad49d68dd8c5362e4bfb4158f2896dc6e0c02e87b8a3770fc003459f1a4425"},
    {file = "psycopg2_binary-2.9.5-cp39-cp39-win32.whl", hash = "sha256:937880290775033a743f4836aa253087b85e62784b63fd099ee725d567a48aa1"},
    {file = "psycopg2_binary-2.9.5-cp39-cp39-win_amd64.whl", hash = "sha256:484405b883630f3e74ed32041a87456c5e0e63a8e3429aa93e8714c366d62bd1"},
]
pycodestyle = [
    {file = "pycodestyle-2.9.1-py2.py3-none-any.whl", hash = "sha256:d1735fc58b418fd7c5f658d28d943854f8a849b01a5d0a1e6f3f3fdd0166804b"},
    {file = "pycodestyle-2.9.1.tar.gz", hash = "sha256:2c9607871d58c76354b697b42f5d57e1ada7d261c261efac224b664affdc5785"},
]
pyflakes = [
    {file = "pyflakes-2.5.0-py2.py3-none-any.whl", hash = "sha256:4579f67d887f804e67edb544428f264b7b24f435b263c4614f384135cea553d2"},
    {file = "pyflakes-2.5.0.tar.gz", hash = "sha256:491feb020dca48ccc562a8c0cbe8df07ee13078df59813b83959cbdada312ea3"},
]
python-dotenv = [
    {file = "python-dotenv-0.21.0.tar.gz", hash = "sha256:b77d08274639e3d34145dfa6c7008e66df0f04b7be7a75fd0d5292c191d79045"},
    {file = "python_dotenv-0.21.0-py3-none-any.whl", hash = "sha256:1684eb44636dd462b66c3ee016599815514527ad99965de77f43e0944634a7e5"},
]
pytz = [
    {file = "pytz-2022.6-py2.py3-none-any.whl", hash = "sha256:222439474e9c98fced559f1709d89e6c9cbf8d79c794ff3eb9f8800064291427"},
    {file = "pytz-2022.6.tar.gz", hash = "sha256:e89512406b793ca39f5971bc999cc538ce125c0e51c27941bef4568b460095e2"},
]
setuptools = [
    {file = "setuptools-65.6.3-py3-none-any.whl", hash = "sha256:57f6f22bde4e042978bcd50176fdb381d7c21a9efa4041202288d3737a0c6a54"},
    {file = "setuptools-65.6.3.tar.gz", hash = "sha256:a7620757bf984b58deaf32fc8a4577a9bbc0850cf92c20e1ce41c38c19e5fb75"},
]
sqlparse = [
    {file = "sqlparse-0.4.3-py3-none-any.whl", hash = "sha256:0323c0ec29cd52bceabc1b4d9d579e311f3e4961b98d174201d5622a23b85e34"},
    {file = "sqlparse-0.4.3.tar.gz", hash = "sha256:69ca804846bb114d2ec380e4360a8a340db83f0ccf3afceeb1404df028f57268"},
]
